<?xml version="1.0" encoding="utf-8"?>
<Project ToolsVersion="15.0" xmlns="http://schemas.microsoft.com/developer/msbuild/2003">
  <ItemGroup>
    <None Include="packages.config" />
  </ItemGroup>
  <ItemGroup>
    <Filter Include="resources">
      <UniqueIdentifier>{f1401742-fc51-4586-bf69-ba1727a864fc}</UniqueIdentifier>
    </Filter>
    <Filter Include="resources\filters">
      <UniqueIdentifier>{a5ceb16d-753d-4a63-a370-bab840439b2f}</UniqueIdentifier>
    </Filter>
    <Filter Include="resources\haarcascades">
      <UniqueIdentifier>{ea5ca3f4-41a6-406a-a682-cdeb66b69f41}</UniqueIdentifier>
    </Filter>
    <Filter Include="src">
      <UniqueIdentifier>{919b2d15-d320-4a0f-8716-46cb3e08d439}</UniqueIdentifier>
    </Filter>
    <Filter Include="headers">
      <UniqueIdentifier>{558f5b19-f387-49f6-a6e5-e6db3d3cce28}</UniqueIdentifier>
    </Filter>
  </ItemGroup>
  <ItemGroup>
    <ClInclude Include="Camera.h">
      <Filter>headers</Filter>
    </ClInclude>
  </ItemGroup>
  <ItemGroup>
    <ClCompile Include="main.cpp">
      <Filter>src</Filter>
    </ClCompile>
    <ClCompile Include="Camera.cpp">
      <Filter>src</Filter>
    </ClCompile>
  </ItemGroup>
</Project>